
Microsoft Visual Studio Solution File, Format Version 12.00
# Visual Studio Version 16
VisualStudioVersion = 16.0.30011.22
MinimumVisualStudioVersion = 10.0.40219.1
Project("{FAE04EC0-301F-11D3-BF4B-00C04F79EFBC}") = "zene", "zene\zene.csproj", "{47116056-D136-43CA-9E0A-478595CC7B87}"
EndProject
Global
	GlobalSection(SolutionConfigurationPlatforms) = preSolution
		Debug|Any CPU = Debug|Any CPU
		Release|Any CPU = Release|Any CPU
	EndGlobalSection
	GlobalSection(ProjectConfigurationPlatforms) = postSolution
		{47116056-D136-43CA-9E0A-478595CC7B87}.Debug|Any CPU.ActiveCfg = Debug|Any CPU
		{47116056-D136-43CA-9E0A-478595CC7B87}.Debug|Any CPU.Build.0 = Debug|Any CPU
		{47116056-D136-43CA-9E0A-478595CC7B87}.Release|Any CPU.ActiveCfg = Release|Any CPU
		{47116056-D136-43CA-9E0A-478595CC7B87}.Release|Any CPU.Build.0 = Release|Any CPU
	EndGlobalSection
	GlobalSection(SolutionProperties) = preSolution
		HideSolutionNode = FALSE
	EndGlobalSection
	GlobalSection(ExtensibilityGlobals) = postSolution
		SolutionGuid = {E3C14A3D-7B60-4BED-88B6-1BA9F650A644}
	EndGlobalSection
EndGlobal
